
Microsoft Visual Studio Solution File, Format Version 12.00
# Visual Studio Version 16
VisualStudioVersion = 16.0.30413.136
MinimumVisualStudioVersion = 10.0.40219.1
Project("{888888A0-9F3D-457C-B088-3A5042F75D52}") = "Palgaad", "Palgaad\Palgaad.pyproj", "{A76345B9-764B-4082-A8DB-FC91EB703970}"
EndProject
Global
	GlobalSection(SolutionConfigurationPlatforms) = preSolution
		Debug|Any CPU = Debug|Any CPU
		Release|Any CPU = Release|Any CPU
	EndGlobalSection
	GlobalSection(ProjectConfigurationPlatforms) = postSolution
		{A76345B9-764B-4082-A8DB-FC91EB703970}.Debug|Any CPU.ActiveCfg = Debug|Any CPU
		{A76345B9-764B-4082-A8DB-FC91EB703970}.Release|Any CPU.ActiveCfg = Release|Any CPU
	EndGlobalSection
	GlobalSection(SolutionProperties) = preSolution
		HideSolutionNode = FALSE
	EndGlobalSection
	GlobalSection(ExtensibilityGlobals) = postSolution
		SolutionGuid = {33154AD9-E92C-4F5B-A393-804E4316FA28}
	EndGlobalSection
EndGlobal
